
Microsoft Visual Studio Solution File, Format Version 12.00
# Visual Studio Version 17
VisualStudioVersion = 17.5.33502.453
MinimumVisualStudioVersion = 10.0.40219.1
Project("{FAE04EC0-301F-11D3-BF4B-00C04F79EFBC}") = "OtomotoSimpleBackend", "OtomotoSimpleBackend.csproj", "{23FD70A8-1B94-404A-B56F-0843CCF448EE}"
EndProject
Global
	GlobalSection(SolutionConfigurationPlatforms) = preSolution
		Debug|Any CPU = Debug|Any CPU
		Release|Any CPU = Release|Any CPU
	EndGlobalSection
	GlobalSection(ProjectConfigurationPlatforms) = postSolution
		{23FD70A8-1B94-404A-B56F-0843CCF448EE}.Debug|Any CPU.ActiveCfg = Debug|Any CPU
		{23FD70A8-1B94-404A-B56F-0843CCF448EE}.Debug|Any CPU.Build.0 = Debug|Any CPU
		{23FD70A8-1B94-404A-B56F-0843CCF448EE}.Release|Any CPU.ActiveCfg = Release|Any CPU
		{23FD70A8-1B94-404A-B56F-0843CCF448EE}.Release|Any CPU.Build.0 = Release|Any CPU
	EndGlobalSection
	GlobalSection(SolutionProperties) = preSolution
		HideSolutionNode = FALSE
	EndGlobalSection
	GlobalSection(ExtensibilityGlobals) = postSolution
		SolutionGuid = {8A67ACF3-6288-43F7-AA2A-9F5F5F457525}
	EndGlobalSection
EndGlobal
